# THIS IS AN AUTOGENERATED FILE. DO NOT EDIT THIS FILE DIRECTLY.
# yarn lockfile v1


"@babel/runtime@^7.15.4":
  version "7.26.9"
  resolved "https://registry.npmjs.org/@babel/runtime/-/runtime-7.26.9.tgz"
  integrity sha512-aA63XwOkcl4xxQa3HjPMqOP6LiK0ZDv3mUPYEFXkpHbaFjtGggE1A61FjFzJnB+p7/oy2gA8E+rcBNl/zC1tMg==
  dependencies:
    regenerator-runtime "^0.14.0"

"@playwright/test@^1.51.0", "@playwright/test@>=1.16.3":
  version "1.51.0"
  resolved "https://registry.npmjs.org/@playwright/test/-/test-1.51.0.tgz"
  integrity sha512-dJ0dMbZeHhI+wb77+ljx/FeC8VBP6j/rj9OAojO08JI80wTZy6vRk9KvHKiDCUh4iMpEiseMgqRBIeW+eKX6RA==
  dependencies:
    playwright "1.51.0"

"@types/node@^22.13.10":
  version "22.13.10"
  resolved "https://registry.npmjs.org/@types/node/-/node-22.13.10.tgz"
  integrity sha512-I6LPUvlRH+O6VRUqYOcMudhaIdUVWfsjnZavnsraHvpBwaEyMN29ry+0UVJhImYL16xsscu0aske3yA+uPOWfw==
  dependencies:
    undici-types "~6.20.0"

ajv@^8.0.0, ajv@^8.12.0:
  version "8.17.1"
  resolved "https://registry.npmjs.org/ajv/-/ajv-8.17.1.tgz"
  integrity sha512-B/gBuNg5SiMTrPkC+A2+cW0RszwxYmn6VYxB/inlBStS5nx6xHIt/ehKRhIMhqusl7a8LjQoZnjCs5vhwxOQ1g==
  dependencies:
    fast-deep-equal "^3.1.3"
    fast-uri "^3.0.1"
    json-schema-traverse "^1.0.0"
    require-from-string "^2.0.2"

ansi-regex@^5.0.1:
  version "5.0.1"
  resolved "https://registry.npmjs.org/ansi-regex/-/ansi-regex-5.0.1.tgz"
  integrity sha512-quJQXlTSUGL2LH9SUXo8VwsY4soanhgo6LNSm84E1LBcE8s3O0wpdiRzyR9z/ZZJMlMWv37qOOb9pdJlMUEKFQ==

ansi-styles@^4.1.0:
  version "4.3.0"
  resolved "https://registry.npmjs.org/ansi-styles/-/ansi-styles-4.3.0.tgz"
  integrity sha512-zbB9rCJAT1rbjiVDb2hqKFHNYLxgtk8NURxZ3IZwD3F6NtxbXZQCnnSi1Lkx+IDohdPlFp222wVALIheZJQSEg==
  dependencies:
    color-convert "^2.0.1"

async-mutex@~0.5.0:
  version "0.5.0"
  resolved "https://registry.npmjs.org/async-mutex/-/async-mutex-0.5.0.tgz"
  integrity sha512-1A94B18jkJ3DYq284ohPxoXbfTA5HsQ7/Mf4DEhcyLx3Bz27Rh59iScbB6EPiP+B+joue6YCxcMXSbFC1tZKwA==
  dependencies:
    tslib "^2.4.0"

asynckit@^0.4.0:
  version "0.4.0"
  resolved "https://registry.npmjs.org/asynckit/-/asynckit-0.4.0.tgz"
  integrity sha512-Oei9OH4tRh0YqU3GxhX79dM/mwVgvbZJaSNaRk+bshkj0S5cfHcgYakreBjrHwatXKbz+IoIdYLxrKim2MjW0Q==

axios-retry@^3.5.0:
  version "3.9.1"
  resolved "https://registry.npmjs.org/axios-retry/-/axios-retry-3.9.1.tgz"
  integrity sha512-8PJDLJv7qTTMMwdnbMvrLYuvB47M81wRtxQmEdV5w4rgbTXTt+vtPkXwajOfOdSyv/wZICJOC+/UhXH4aQ/R+w==
  dependencies:
    "@babel/runtime" "^7.15.4"
    is-retry-allowed "^2.2.0"

axios@^0.28.0:
  version "0.28.1"
  resolved "https://registry.npmjs.org/axios/-/axios-0.28.1.tgz"
  integrity sha512-iUcGA5a7p0mVb4Gm/sy+FSECNkPFT4y7wt6OM/CDpO/OnNCvSs3PoMG8ibrC9jRoGYU0gUK5pXVC4NPXq6lHRQ==
  dependencies:
    follow-redirects "^1.15.0"
    form-data "^4.0.0"
    proxy-from-env "^1.1.0"

call-bind-apply-helpers@^1.0.1, call-bind-apply-helpers@^1.0.2:
  version "1.0.2"
  resolved "https://registry.npmjs.org/call-bind-apply-helpers/-/call-bind-apply-helpers-1.0.2.tgz"
  integrity sha512-Sp1ablJ0ivDkSzjcaJdxEunN5/XvksFJ2sMBFfq6x0ryhQV/2b/KwFe21cMpmHtPOSij8K99/wSfoEuTObmuMQ==
  dependencies:
    es-errors "^1.3.0"
    function-bind "^1.1.2"

chalk@^4.1.2:
  version "4.1.2"
  resolved "https://registry.npmjs.org/chalk/-/chalk-4.1.2.tgz"
  integrity sha512-oKnbhFyRIXpUuez8iBMmyEa4nbj4IOQyuhc/wy9kY7/WVPcwIO9VA668Pu8RkO7+0G76SLROeyw9CpQ061i4mA==
  dependencies:
    ansi-styles "^4.1.0"
    supports-color "^7.1.0"

chalk@5.4.1:
  version "5.4.1"
  resolved "https://registry.npmjs.org/chalk/-/chalk-5.4.1.tgz"
  integrity sha512-zgVZuo2WcZgfUEmsn6eO3kINexW8RAE4maiQ8QNs8CtpPCSyMiYsULR3HQYkm3w8FIA3SberyMJMSldGsW+U3w==

color-convert@^2.0.1:
  version "2.0.1"
  resolved "https://registry.npmjs.org/color-convert/-/color-convert-2.0.1.tgz"
  integrity sha512-RRECPsj7iu/xb5oKYcsFHSppFNnsj/52OVTRKb4zP5onXwVF3zVmmToNcOfGC+CRDpfK/U584fMg38ZHCaElKQ==
  dependencies:
    color-name "~1.1.4"

color-name@~1.1.4:
  version "1.1.4"
  resolved "https://registry.npmjs.org/color-name/-/color-name-1.1.4.tgz"
  integrity sha512-dOy+3AuW3a2wNbZHIuMZpTcgjGuLU/uBL/ubcZF9OXbDo8ff4O8yVp5Bf0efS8uEoYo5q4Fx7dY9OgQGXgAsQA==

combined-stream@^1.0.8:
  version "1.0.8"
  resolved "https://registry.npmjs.org/combined-stream/-/combined-stream-1.0.8.tgz"
  integrity sha512-FQN4MRfuJeHf7cBbBMJFXhKSDq+2kAArBlmRBvcvFE5BB1HZKXtSFASDhdlz9zOYwxh8lDdnvmMOe/+5cdoEdg==
  dependencies:
    delayed-stream "~1.0.0"

delayed-stream@~1.0.0:
  version "1.0.0"
  resolved "https://registry.npmjs.org/delayed-stream/-/delayed-stream-1.0.0.tgz"
  integrity sha512-ZySD7Nf91aLB0RxL4KGrKHBXl7Eds1DAmEdcoVawXnLD7SDhpNgtuII2aAkg7a7QS41jxPSZ17p4VdGnMHk3MQ==

dotenv-expand@^10.0.0:
  version "10.0.0"
  resolved "https://registry.npmjs.org/dotenv-expand/-/dotenv-expand-10.0.0.tgz"
  integrity sha512-GopVGCpVS1UKH75VKHGuQFqS1Gusej0z4FyQkPdwjil2gNIv+LNsqBlboOzpJFZKVT95GkCyWJbBSdFEFUWI2A==

dotenv@^16.0.0:
  version "16.4.7"
  resolved "https://registry.npmjs.org/dotenv/-/dotenv-16.4.7.tgz"
  integrity sha512-47qPchRCykZC03FhkYAhrvwU4xDBFIj1QPqaarj6mdM/hgUzfPHcpkHJOn3mJAufFeeAxAzeGsr5X0M4k6fLZQ==

dunder-proto@^1.0.1:
  version "1.0.1"
  resolved "https://registry.npmjs.org/dunder-proto/-/dunder-proto-1.0.1.tgz"
  integrity sha512-KIN/nDJBQRcXw0MLVhZE9iQHmG68qAVIBg9CqmUYjmQIhgij9U5MFvrqkUL5FbtyyzZuOeOt0zdeRe4UY7ct+A==
  dependencies:
    call-bind-apply-helpers "^1.0.1"
    es-errors "^1.3.0"
    gopd "^1.2.0"

each-async@^2.0.0:
  version "2.0.0"
  resolved "https://registry.npmjs.org/each-async/-/each-async-2.0.0.tgz"
  integrity sha512-szplLpJQ/yZQ4mx5M/tE5ArcwPNrbyQDNby61YQUZ1G2KMAhsJ+aX6voDHDDeV6cYvz0w61SqCAMe9NlbltVPw==
  dependencies:
    onetime "^1.0.0"
    set-immediate-shim "^1.0.0"

env-schema@^5.2.0:
  version "5.2.1"
  resolved "https://registry.npmjs.org/env-schema/-/env-schema-5.2.1.tgz"
  integrity sha512-gWMNrQ3dVHAZcCx7epiFwgXcyfBh4heD/6+OK3bEbke3uL+KqwYA9nUOwzJyRZh1cJOFcwdPuY1n0GKSFlSWAg==
  dependencies:
    ajv "^8.0.0"
    dotenv "^16.0.0"
    dotenv-expand "^10.0.0"

es-define-property@^1.0.1:
  version "1.0.1"
  resolved "https://registry.npmjs.org/es-define-property/-/es-define-property-1.0.1.tgz"
  integrity sha512-e3nRfgfUZ4rNGL232gUgX06QNyyez04KdjFrF+LTRoOXmrOgFKDg4BCdsjW8EnT69eqdYGmRpJwiPVYNrCaW3g==

es-errors@^1.3.0:
  version "1.3.0"
  resolved "https://registry.npmjs.org/es-errors/-/es-errors-1.3.0.tgz"
  integrity sha512-Zf5H2Kxt2xjTvbJvP2ZWLEICxA6j+hAmMzIlypy4xcBg1vKVnx89Wy0GbS+kf5cwCVFFzdCFh2XSCFNULS6csw==

es-object-atoms@^1.0.0, es-object-atoms@^1.1.1:
  version "1.1.1"
  resolved "https://registry.npmjs.org/es-object-atoms/-/es-object-atoms-1.1.1.tgz"
  integrity sha512-FGgH2h8zKNim9ljj7dankFPcICIK9Cp5bm+c2gQSYePhpaG5+esrLODihIorn+Pe6FGJzWhXQotPv73jTaldXA==
  dependencies:
    es-errors "^1.3.0"

es-set-tostringtag@^2.1.0:
  version "2.1.0"
  resolved "https://registry.npmjs.org/es-set-tostringtag/-/es-set-tostringtag-2.1.0.tgz"
  integrity sha512-j6vWzfrGVfyXxge+O0x5sh6cvxAog0a/4Rdd2K36zCMV5eJ+/+tOAngRO8cODMNWbVRdVlmGZQL2YS3yR8bIUA==
  dependencies:
    es-errors "^1.3.0"
    get-intrinsic "^1.2.6"
    has-tostringtag "^1.0.2"
    hasown "^2.0.2"

fast-deep-equal@^3.1.3:
  version "3.1.3"
  resolved "https://registry.npmjs.org/fast-deep-equal/-/fast-deep-equal-3.1.3.tgz"
  integrity sha512-f3qQ9oQy9j2AhBe/H9VC91wLmKBCCU/gDOnKNAYG5hswO7BLKj09Hc5HYNz9cGI++xlpDCIgDaitVs03ATR84Q==

fast-uri@^3.0.1:
  version "3.0.6"
  resolved "https://registry.npmjs.org/fast-uri/-/fast-uri-3.0.6.tgz"
  integrity sha512-Atfo14OibSv5wAp4VWNsFYE1AchQRTv9cBGWET4pZWHzYshFSS9NQI6I57rdKn9croWVMbYFbLhJ+yJvmZIIHw==

follow-redirects@^1.15.0:
  version "1.15.9"
  resolved "https://registry.npmjs.org/follow-redirects/-/follow-redirects-1.15.9.tgz"
  integrity sha512-gew4GsXizNgdoRyqmyfMHyAmXsZDk6mHkSxZFCzW9gwlbtOW44CDtYavM+y+72qD/Vq2l550kMF52DT8fOLJqQ==

form-data@^4.0.0:
  version "4.0.2"
  resolved "https://registry.npmjs.org/form-data/-/form-data-4.0.2.tgz"
  integrity sha512-hGfm/slu0ZabnNt4oaRZ6uREyfCj6P4fT/n6A1rGV+Z0VdGXjfOhVUpkn6qVQONHGIFwmveGXyDs75+nr6FM8w==
  dependencies:
    asynckit "^0.4.0"
    combined-stream "^1.0.8"
    es-set-tostringtag "^2.1.0"
    mime-types "^2.1.12"

fsevents@2.3.2:
  version "2.3.2"
  resolved "https://registry.npmjs.org/fsevents/-/fsevents-2.3.2.tgz"
  integrity sha512-xiqMQR4xAeHTuB9uWm+fFRcIOgKBMiOBP+eXiyT7jsgVCq1bkVygt00oASowB7EdtpOHaaPgKt812P9ab+DDKA==

function-bind@^1.1.2:
  version "1.1.2"
  resolved "https://registry.npmjs.org/function-bind/-/function-bind-1.1.2.tgz"
  integrity sha512-7XHNxH7qX9xG5mIwxkhumTox/MIRNcOgDrxWsMt2pAr23WHp6MrRlN7FBSFpCpr+oVO0F744iUgR82nJMfG2SA==

get-intrinsic@^1.2.6:
  version "1.3.0"
  resolved "https://registry.npmjs.org/get-intrinsic/-/get-intrinsic-1.3.0.tgz"
  integrity sha512-9fSjSaos/fRIVIp+xSJlE6lfwhES7LNtKaCBIamHsjr2na1BiABJPo0mOjjz8GJDURarmCPGqaiVg5mfjb98CQ==
  dependencies:
    call-bind-apply-helpers "^1.0.2"
    es-define-property "^1.0.1"
    es-errors "^1.3.0"
    es-object-atoms "^1.1.1"
    function-bind "^1.1.2"
    get-proto "^1.0.1"
    gopd "^1.2.0"
    has-symbols "^1.1.0"
    hasown "^2.0.2"
    math-intrinsics "^1.1.0"

get-proto@^1.0.1:
  version "1.0.1"
  resolved "https://registry.npmjs.org/get-proto/-/get-proto-1.0.1.tgz"
  integrity sha512-sTSfBjoXBp89JvIKIefqw7U2CCebsc74kiY6awiGogKtoSGbgjYE/G/+l9sF3MWFPNc9IcoOC4ODfKHfxFmp0g==
  dependencies:
    dunder-proto "^1.0.1"
    es-object-atoms "^1.0.0"

gopd@^1.2.0:
  version "1.2.0"
  resolved "https://registry.npmjs.org/gopd/-/gopd-1.2.0.tgz"
  integrity sha512-ZUKRh6/kUFoAiTAtTYPZJ3hw9wNxx+BIBOijnlG9PnrJsCcSjs1wyyD6vJpaYtgnzDrKYRSqf3OO6Rfa93xsRg==

has-flag@^4.0.0:
  version "4.0.0"
  resolved "https://registry.npmjs.org/has-flag/-/has-flag-4.0.0.tgz"
  integrity sha512-EykJT/Q1KjTWctppgIAgfSO0tKVuZUjhgMr17kqTumMl6Afv3EISleU7qZUzoXDFTAHTDC4NOoG/ZxU3EvlMPQ==

has-symbols@^1.0.3, has-symbols@^1.1.0:
  version "1.1.0"
  resolved "https://registry.npmjs.org/has-symbols/-/has-symbols-1.1.0.tgz"
  integrity sha512-1cDNdwJ2Jaohmb3sg4OmKaMBwuC48sYni5HUw2DvsC8LjGTLK9h+eb1X6RyuOHe4hT0ULCW68iomhjUoKUqlPQ==

has-tostringtag@^1.0.2:
  version "1.0.2"
  resolved "https://registry.npmjs.org/has-tostringtag/-/has-tostringtag-1.0.2.tgz"
  integrity sha512-NqADB8VjPFLM2V0VvHUewwwsw0ZWBaIdgo+ieHtK3hasLz4qeCRjYcqfB6AQrBggRKppKF8L52/VqdVsO47Dlw==
  dependencies:
    has-symbols "^1.0.3"

hasown@^2.0.2:
  version "2.0.2"
  resolved "https://registry.npmjs.org/hasown/-/hasown-2.0.2.tgz"
  integrity sha512-0hJU9SCPvmMzIBdZFqNPXWa6dqh7WdH0cII9y+CyS8rG3nL48Bclra9HmKhVVUHyPWNH5Y7xDwAB7bfgSjkUMQ==
  dependencies:
    function-bind "^1.1.2"

indent-string@^5.0.0:
  version "5.0.0"
  resolved "https://registry.npmjs.org/indent-string/-/indent-string-5.0.0.tgz"
  integrity sha512-m6FAo/spmsW2Ab2fU35JTYwtOKa2yAwXSwgjSv1TJzh4Mh7mC3lzAOVLBprb72XsTrgkEIsl7YrFNAiDiRhIGg==

is-retry-allowed@^2.2.0:
  version "2.2.0"
  resolved "https://registry.npmjs.org/is-retry-allowed/-/is-retry-allowed-2.2.0.tgz"
  integrity sha512-XVm7LOeLpTW4jV19QSH38vkswxoLud8sQ57YwJVTPWdiaI9I8keEhGFpBlslyVsgdQy4Opg8QOLb8YRgsyZiQg==

json-schema-traverse@^1.0.0:
  version "1.0.0"
  resolved "https://registry.npmjs.org/json-schema-traverse/-/json-schema-traverse-1.0.0.tgz"
  integrity sha512-NM8/P9n3XjXhIZn1lLhkFaACTOURQXjWhV4BA/RnOv8xvgqtqpAX9IO4mRQxSx1Rlo4tqzeqb0sOlruaOy3dug==

lodash.get@^4.4.2:
  version "4.4.2"
  resolved "https://registry.npmjs.org/lodash.get/-/lodash.get-4.4.2.tgz"
  integrity sha512-z+Uw/vLuy6gQe8cfaFWD7p0wVv8fJl3mbzXh33RS+0oW2wvUqiRXiQ69gLWSLpgB5/6sU+r6BlQR0MBILadqTQ==

lodash.merge@^4.6.2:
  version "4.6.2"
  resolved "https://registry.npmjs.org/lodash.merge/-/lodash.merge-4.6.2.tgz"
  integrity sha512-0KpjqXRVvrYyCsX1swR/XTK0va6VQkQM6MNo7PqW77ByjAhoARA8EfrP1N4+KlKj8YS0ZUCtRT/YUuhyYDujIQ==

lodash.mergewith@^4.6.2:
  version "4.6.2"
  resolved "https://registry.npmjs.org/lodash.mergewith/-/lodash.mergewith-4.6.2.tgz"
  integrity sha512-GK3g5RPZWTRSeLSpgP8Xhra+pnjBC56q9FZYe1d5RN3TJ35dbkGy3YqBSMbyCrlbi+CM9Z3Jk5yTL7RCsqboyQ==

math-intrinsics@^1.1.0:
  version "1.1.0"
  resolved "https://registry.npmjs.org/math-intrinsics/-/math-intrinsics-1.1.0.tgz"
  integrity sha512-/IXtbwEk5HTPyEwyKX6hGkYXxM9nbj64B+ilVJnC/R6B0pH5G4V3b0pVbL7DBj4tkhBAppbQUlf6F6Xl9LHu1g==

mime-db@1.52.0:
  version "1.52.0"
  resolved "https://registry.npmjs.org/mime-db/-/mime-db-1.52.0.tgz"
  integrity sha512-sPU4uV7dYlvtWJxwwxHD0PuihVNiE7TyAbQ5SWxDCB9mUYvOgroQOwYQQOKPJ8CIbE+1ETVlOoK1UC2nU3gYvg==

mime-types@^2.1.12, mime-types@^2.1.33:
  version "2.1.35"
  resolved "https://registry.npmjs.org/mime-types/-/mime-types-2.1.35.tgz"
  integrity sha512-ZDY+bPm5zTTF+YpCrAU9nK0UgICYPT0QtT1NZWFv4s++TNkcgVaT0g6+4R2uI4MjQjzysHB1zxuWL50hzaeXiw==
  dependencies:
    mime-db "1.52.0"

npm-check-updates@^17.1.15:
  version "17.1.15"
  resolved "https://registry.npmjs.org/npm-check-updates/-/npm-check-updates-17.1.15.tgz"
  integrity sha512-miATvKu5rjec/1wxc5TGDjpsucgtCHwRVZorZpDkS6NzdWXfnUWlN4abZddWb7XSijAuBNzzYglIdTm9SbgMVg==

onetime@^1.0.0:
  version "1.1.0"
  resolved "https://registry.npmjs.org/onetime/-/onetime-1.1.0.tgz"
  integrity sha512-GZ+g4jayMqzCRMgB2sol7GiCLjKfS1PINkjmx8spcKce1LiVqcbQreXwqs2YAFXC6R03VIG28ZS31t8M866v6A==

playwright-core@1.51.0:
  version "1.51.0"
  resolved "https://registry.npmjs.org/playwright-core/-/playwright-core-1.51.0.tgz"
  integrity sha512-x47yPE3Zwhlil7wlNU/iktF7t2r/URR3VLbH6EknJd/04Qc/PSJ0EY3CMXipmglLG+zyRxW6HNo2EGbKLHPWMg==

playwright-qase-reporter@2.0.17:
  version "2.0.17"
  resolved "https://registry.npmjs.org/playwright-qase-reporter/-/playwright-qase-reporter-2.0.17.tgz"
  integrity sha512-BK2O39zQnC+BQzWZmZ7fkfNPRQbTW+Gn86flj2jbEYmhRPGHgGfDaT4EGBTsiwqHns5lTA3eAfMmgrlZNDnM7A==
  dependencies:
    chalk "^4.1.2"
    qase-javascript-commons "~2.2.14"
    uuid "^9.0.0"

playwright@^1.51.0, playwright@1.51.0:
  version "1.51.0"
  resolved "https://registry.npmjs.org/playwright/-/playwright-1.51.0.tgz"
  integrity sha512-442pTfGM0xxfCYxuBa/Pu6B2OqxqqaYq39JS8QDMGThUvIOCd6s0ANDog3uwA0cHavVlnTQzGCN7Id2YekDSXA==
  dependencies:
    playwright-core "1.51.0"
  optionalDependencies:
    fsevents "2.3.2"

proxy-from-env@^1.1.0:
  version "1.1.0"
  resolved "https://registry.npmjs.org/proxy-from-env/-/proxy-from-env-1.1.0.tgz"
  integrity sha512-D+zkORCbA9f1tdWRK0RaCR3GPv50cMxcrz4X8k5LTSUD1Dkw47mKJEZQNunItRTkWwgtaUSo1RVFRIG9ZXiFYg==

qase-javascript-commons@~2.2.14:
  version "2.2.14"
  resolved "https://registry.npmjs.org/qase-javascript-commons/-/qase-javascript-commons-2.2.14.tgz"
  integrity sha512-2Y4U3fNXmV0kDSVIt7yBOIaBsHzX8dm2soRUjzl2obuJ1pqvt4SkMTHlNKFyoE5VWuw/a3G/tSDlxWzmp/PHbA==
  dependencies:
    ajv "^8.12.0"
    async-mutex "~0.5.0"
    chalk "^4.1.2"
    env-schema "^5.2.0"
    form-data "^4.0.0"
    lodash.get "^4.4.2"
    lodash.merge "^4.6.2"
    lodash.mergewith "^4.6.2"
    mime-types "^2.1.33"
    qaseio "~2.4.0"
    strip-ansi "^6.0.1"
    uuid "^9.0.0"

qaseio@~2.4.0:
  version "2.4.1"
  resolved "https://registry.npmjs.org/qaseio/-/qaseio-2.4.1.tgz"
  integrity sha512-kpDi90S7z2NJb2RkrSmDxyLmQmgtLaqyeslTTcQsgoS7NAlPiOd0ECjkdyt3Vdum3i5qJhwLknIU4m848Qekdw==
  dependencies:
    axios "^0.28.0"
    axios-retry "^3.5.0"

regenerator-runtime@^0.14.0:
  version "0.14.1"
  resolved "https://registry.npmjs.org/regenerator-runtime/-/regenerator-runtime-0.14.1.tgz"
  integrity sha512-dYnhHh0nJoMfnkZs6GmmhFknAGRrLznOu5nc9ML+EJxGvrx6H7teuevqVqCuPcPK//3eDrrjQhehXVx9cnkGdw==

require-from-string@^2.0.2:
  version "2.0.2"
  resolved "https://registry.npmjs.org/require-from-string/-/require-from-string-2.0.2.tgz"
  integrity sha512-Xf0nWe6RseziFMu+Ap9biiUbmplq6S9/p+7w7YXP/JBHhrUDDUhwa+vANyubuqfZWTveU//DYVGsDG7RKL/vEw==

set-immediate-shim@^1.0.0:
  version "1.0.1"
  resolved "https://registry.npmjs.org/set-immediate-shim/-/set-immediate-shim-1.0.1.tgz"
  integrity sha512-Li5AOqrZWCVA2n5kryzEmqai6bKSIvpz5oUJHPVj6+dsbD3X1ixtsY5tEnsaNpH3pFAHmG8eIHUrtEtohrg+UQ==

strip-ansi@^6.0.1:
  version "6.0.1"
  resolved "https://registry.npmjs.org/strip-ansi/-/strip-ansi-6.0.1.tgz"
  integrity sha512-Y38VPSHcqkFrCpFnQ9vuSXmquuv5oXOKpGeT6aGrr3o3Gc9AlVa6JBfUSOCnbxGGZF+/0ooI7KrPuUSztUdU5A==
  dependencies:
    ansi-regex "^5.0.1"

supports-color@^7.1.0:
  version "7.2.0"
  resolved "https://registry.npmjs.org/supports-color/-/supports-color-7.2.0.tgz"
  integrity sha512-qpCAvRl9stuOHveKsn7HncJRvv501qIacKzQlO/+Lwxc9+0q2wLyv4Dfvt80/DPn2pqOBsJdDiogXGR9+OvwRw==
  dependencies:
    has-flag "^4.0.0"

tslib@^2.4.0:
  version "2.8.1"
  resolved "https://registry.npmjs.org/tslib/-/tslib-2.8.1.tgz"
  integrity sha512-oJFu94HQb+KVduSUQL7wnpmqnfmLsOA/nAh6b6EH0wCEoK0/mPeXU6c3wKDV83MkOuHPRHtSXKKU99IBazS/2w==

undici-types@~6.20.0:
  version "6.20.0"
  resolved "https://registry.npmjs.org/undici-types/-/undici-types-6.20.0.tgz"
  integrity sha512-Ny6QZ2Nju20vw1SRHe3d9jVu6gJ+4e3+MMpqu7pqE5HT6WsTSlce++GQmK5UXS8mzV8DSYHrQH+Xrf2jVcuKNg==

uuid@^9.0.0:
  version "9.0.1"
  resolved "https://registry.npmjs.org/uuid/-/uuid-9.0.1.tgz"
  integrity sha512-b+1eJOlsR9K8HJpow9Ok3fiWOWSIcIzXodvv0rQjVoOVNpWMpxf1wZNpt4y9h10odCNrqnYp1OBzRktckBe3sA==
